
Microsoft Visual Studio Solution File, Format Version 12.00
# Visual Studio Version 17
VisualStudioVersion = 17.6.33815.320
MinimumVisualStudioVersion = 10.0.40219.1
Project("{2150E333-8FDC-42A3-9474-1A3956D46DE8}") = "src", "src", "{8B17F1DD-8697-45AD-BC82-DC282DC42FD9}"
EndProject
Project("{FAE04EC0-301F-11D3-BF4B-00C04F79EFBC}") = "BinarayClassification", "BinarayClassification\BinarayClassification.csproj", "{40F93DF3-5D6F-4D84-B9D8-0DE79DB7FE26}"
EndProject
Project("{FAE04EC0-301F-11D3-BF4B-00C04F79EFBC}") = "MultiClassification", "MultiClassification\MultiClassification.csproj", "{ECE4ADA9-C785-4004-9AA1-E95C7C5EA4CE}"
EndProject
Global
	GlobalSection(SolutionConfigurationPlatforms) = preSolution
		Debug|Any CPU = Debug|Any CPU
		Release|Any CPU = Release|Any CPU
	EndGlobalSection
	GlobalSection(ProjectConfigurationPlatforms) = postSolution
		{40F93DF3-5D6F-4D84-B9D8-0DE79DB7FE26}.Debug|Any CPU.ActiveCfg = Debug|Any CPU
		{40F93DF3-5D6F-4D84-B9D8-0DE79DB7FE26}.Debug|Any CPU.Build.0 = Debug|Any CPU
		{40F93DF3-5D6F-4D84-B9D8-0DE79DB7FE26}.Release|Any CPU.ActiveCfg = Release|Any CPU
		{40F93DF3-5D6F-4D84-B9D8-0DE79DB7FE26}.Release|Any CPU.Build.0 = Release|Any CPU
		{ECE4ADA9-C785-4004-9AA1-E95C7C5EA4CE}.Debug|Any CPU.ActiveCfg = Debug|Any CPU
		{ECE4ADA9-C785-4004-9AA1-E95C7C5EA4CE}.Debug|Any CPU.Build.0 = Debug|Any CPU
		{ECE4ADA9-C785-4004-9AA1-E95C7C5EA4CE}.Release|Any CPU.ActiveCfg = Release|Any CPU
		{ECE4ADA9-C785-4004-9AA1-E95C7C5EA4CE}.Release|Any CPU.Build.0 = Release|Any CPU
	EndGlobalSection
	GlobalSection(SolutionProperties) = preSolution
		HideSolutionNode = FALSE
	EndGlobalSection
	GlobalSection(NestedProjects) = preSolution
		{40F93DF3-5D6F-4D84-B9D8-0DE79DB7FE26} = {8B17F1DD-8697-45AD-BC82-DC282DC42FD9}
		{ECE4ADA9-C785-4004-9AA1-E95C7C5EA4CE} = {8B17F1DD-8697-45AD-BC82-DC282DC42FD9}
	EndGlobalSection
	GlobalSection(ExtensibilityGlobals) = postSolution
		SolutionGuid = {00D6D171-FE2F-423F-A1EC-2F7343AC0CC9}
	EndGlobalSection
EndGlobal
